// !$*UTF8*$!
{
	archiveVersion = 1;
	classes = {
	};
	objectVersion = 56;
	objects = {

/* Begin PBXBuildFile section */
		D221DDD12A388DA8000220F8 /* Assets.xcassets in Resources */ = {isa = PBXBuildFile; fileRef = D221DDD02A388DA8000220F8 /* Assets.xcassets */; };
		D221DDD52A388DA8000220F8 /* Preview Assets.xcassets in Resources */ = {isa = PBXBuildFile; fileRef = D221DDD42A388DA8000220F8 /* Preview Assets.xcassets */; };
		D221DDE92A389157000220F8 /* Domain.docc in Sources */ = {isa = PBXBuildFile; fileRef = D221DDE82A389157000220F8 /* Domain.docc */; };
		D221DDEF2A389157000220F8 /* Domain.framework in Frameworks */ = {isa = PBXBuildFile; fileRef = D221DDE52A389157000220F8 /* Domain.framework */; };
		D221DDF62A389157000220F8 /* DomainTests.swift in Sources */ = {isa = PBXBuildFile; fileRef = D221DDF52A389157000220F8 /* DomainTests.swift */; };
		D221DDF72A389157000220F8 /* Domain.h in Headers */ = {isa = PBXBuildFile; fileRef = D221DDE72A389157000220F8 /* Domain.h */; settings = {ATTRIBUTES = (Public, ); }; };
		D221DDFA2A389157000220F8 /* Domain.framework in Frameworks */ = {isa = PBXBuildFile; fileRef = D221DDE52A389157000220F8 /* Domain.framework */; };
		D221DDFB2A389157000220F8 /* Domain.framework in Embed Frameworks */ = {isa = PBXBuildFile; fileRef = D221DDE52A389157000220F8 /* Domain.framework */; settings = {ATTRIBUTES = (CodeSignOnCopy, RemoveHeadersOnCopy, ); }; };
		D221DE0C2A389169000220F8 /* Platform.docc in Sources */ = {isa = PBXBuildFile; fileRef = D221DE0B2A389169000220F8 /* Platform.docc */; };
		D221DE122A389169000220F8 /* Platform.framework in Frameworks */ = {isa = PBXBuildFile; fileRef = D221DE082A389169000220F8 /* Platform.framework */; };
		D221DE192A389169000220F8 /* PlatformTests.swift in Sources */ = {isa = PBXBuildFile; fileRef = D221DE182A389169000220F8 /* PlatformTests.swift */; };
		D221DE1A2A389169000220F8 /* Platform.h in Headers */ = {isa = PBXBuildFile; fileRef = D221DE0A2A389169000220F8 /* Platform.h */; settings = {ATTRIBUTES = (Public, ); }; };
		D221DE1D2A389169000220F8 /* Platform.framework in Frameworks */ = {isa = PBXBuildFile; fileRef = D221DE082A389169000220F8 /* Platform.framework */; };
		D221DE1E2A389169000220F8 /* Platform.framework in Embed Frameworks */ = {isa = PBXBuildFile; fileRef = D221DE082A389169000220F8 /* Platform.framework */; settings = {ATTRIBUTES = (CodeSignOnCopy, RemoveHeadersOnCopy, ); }; };
		D221DE2D2A389241000220F8 /* Domain.framework in Frameworks */ = {isa = PBXBuildFile; fileRef = D221DDE52A389157000220F8 /* Domain.framework */; };
		D221DE2E2A389241000220F8 /* Domain.framework in Embed Frameworks */ = {isa = PBXBuildFile; fileRef = D221DDE52A389157000220F8 /* Domain.framework */; settings = {ATTRIBUTES = (CodeSignOnCopy, RemoveHeadersOnCopy, ); }; };
		D221DE5B2A389A54000220F8 /* AppMain.swift in Sources */ = {isa = PBXBuildFile; fileRef = D221DE5A2A389A54000220F8 /* AppMain.swift */; };
		D221DE5D2A389AAC000220F8 /* AppDelegate.swift in Sources */ = {isa = PBXBuildFile; fileRef = D221DE5C2A389AAC000220F8 /* AppDelegate.swift */; };
		D221DE5F2A389CCF000220F8 /* DIContainer.swift in Sources */ = {isa = PBXBuildFile; fileRef = D221DE5E2A389CCF000220F8 /* DIContainer.swift */; };
		D221DE622A389DDA000220F8 /* AppSearchPage.swift in Sources */ = {isa = PBXBuildFile; fileRef = D221DE612A389DDA000220F8 /* AppSearchPage.swift */; };
		EC06F9FE2A4024DB0048E713 /* Asset2.xcassets in Resources */ = {isa = PBXBuildFile; fileRef = EC06F9FD2A4024DB0048E713 /* Asset2.xcassets */; };
		EC06FA002A402B030048E713 /* FrameworkBundle2.swift in Sources */ = {isa = PBXBuildFile; fileRef = EC06F9FF2A402B030048E713 /* FrameworkBundle2.swift */; };
		EC06FA022A402B750048E713 /* AppColor2.swift in Sources */ = {isa = PBXBuildFile; fileRef = EC06FA012A402B750048E713 /* AppColor2.swift */; };
		EC5578DF2A3975A600262DDE /* AppSearchPage2.swift in Sources */ = {isa = PBXBuildFile; fileRef = EC5578DE2A3975A600262DDE /* AppSearchPage2.swift */; };
		EC7B3A5C2A3EC95E00D7ACC2 /* DesignSystem.h in Headers */ = {isa = PBXBuildFile; fileRef = EC7B3A4C2A3EC95D00D7ACC2 /* DesignSystem.h */; settings = {ATTRIBUTES = (Public, ); }; };
		EC7B3A5F2A3EC95E00D7ACC2 /* DesignSystem.framework in Frameworks */ = {isa = PBXBuildFile; fileRef = EC7B3A4A2A3EC95D00D7ACC2 /* DesignSystem.framework */; };
		EC7B3A602A3EC95E00D7ACC2 /* DesignSystem.framework in Embed Frameworks */ = {isa = PBXBuildFile; fileRef = EC7B3A4A2A3EC95D00D7ACC2 /* DesignSystem.framework */; settings = {ATTRIBUTES = (CodeSignOnCopy, RemoveHeadersOnCopy, ); }; };
		EC7B3A6B2A3ECAAC00D7ACC2 /* Asset.xcassets in Resources */ = {isa = PBXBuildFile; fileRef = EC7B3A6A2A3ECAAC00D7ACC2 /* Asset.xcassets */; };
		EC7B3A6F2A3ED06C00D7ACC2 /* FramworkBundle.swift in Sources */ = {isa = PBXBuildFile; fileRef = EC7B3A6E2A3ED06C00D7ACC2 /* FramworkBundle.swift */; };
		EC7B3A742A3ED2EE00D7ACC2 /* AppColor.swift in Sources */ = {isa = PBXBuildFile; fileRef = EC7B3A732A3ED2EE00D7ACC2 /* AppColor.swift */; };
		ECB1BBCF2A3EDCD900BF572E /* AppTextField.swift in Sources */ = {isa = PBXBuildFile; fileRef = ECB1BBCE2A3EDCD900BF572E /* AppTextField.swift */; };
		ECB1BBD22A3EE41A00BF572E /* AppSearchPage+Header.swift in Sources */ = {isa = PBXBuildFile; fileRef = ECB1BBD12A3EE41A00BF572E /* AppSearchPage+Header.swift */; };
		ECE1C41A2A416FD300FD4993 /* AppDetailListPage+Content.swift in Sources */ = {isa = PBXBuildFile; fileRef = ECE1C4192A416FD300FD4993 /* AppDetailListPage+Content.swift */; };
		ECE1C41E2A41963A00FD4993 /* LinkNavigator in Frameworks */ = {isa = PBXBuildFile; productRef = ECE1C41D2A41963A00FD4993 /* LinkNavigator */; };
		ECE1C4212A4196A000FD4993 /* AppDependency.swift in Sources */ = {isa = PBXBuildFile; fileRef = ECE1C4202A4196A000FD4993 /* AppDependency.swift */; };
		ECE1C4232A4196D400FD4993 /* AppRouterGroup.swift in Sources */ = {isa = PBXBuildFile; fileRef = ECE1C4222A4196D400FD4993 /* AppRouterGroup.swift */; };
		ECF7EB8A2A40340700189774 /* AppTextField2.swift in Sources */ = {isa = PBXBuildFile; fileRef = ECF7EB892A40340700189774 /* AppTextField2.swift */; };
		ECF7EB8C2A40388A00189774 /* AppSearchPage2+Header.swift in Sources */ = {isa = PBXBuildFile; fileRef = ECF7EB8B2A40388A00189774 /* AppSearchPage2+Header.swift */; };
		ECF7EB8E2A40417200189774 /* AppDetailPage+Header.swift in Sources */ = {isa = PBXBuildFile; fileRef = ECF7EB8D2A40417200189774 /* AppDetailPage+Header.swift */; };
		ECF7EB902A40484900189774 /* AppSearchPage2+Content.swift in Sources */ = {isa = PBXBuildFile; fileRef = ECF7EB8F2A40484900189774 /* AppSearchPage2+Content.swift */; };
		ECF7EB922A40634E00189774 /* AppDetailPage+Content.swift in Sources */ = {isa = PBXBuildFile; fileRef = ECF7EB912A40634E00189774 /* AppDetailPage+Content.swift */; };
/* End PBXBuildFile section */

/* Begin PBXContainerItemProxy section */
		D221DDF02A389157000220F8 /* PBXContainerItemProxy */ = {
			isa = PBXContainerItemProxy;
			containerPortal = D221DDC12A388DA7000220F8 /* Project object */;
			proxyType = 1;
			remoteGlobalIDString = D221DDE42A389157000220F8;
			remoteInfo = Domain;
		};
		D221DDF22A389157000220F8 /* PBXContainerItemProxy */ = {
			isa = PBXContainerItemProxy;
			containerPortal = D221DDC12A388DA7000220F8 /* Project object */;
			proxyType = 1;
			remoteGlobalIDString = D221DDC82A388DA7000220F8;
			remoteInfo = "itunes-search";
		};
		D221DDF82A389157000220F8 /* PBXContainerItemProxy */ = {
			isa = PBXContainerItemProxy;
			containerPortal = D221DDC12A388DA7000220F8 /* Project object */;
			proxyType = 1;
			remoteGlobalIDString = D221DDE42A389157000220F8;
			remoteInfo = Domain;
		};
		D221DE132A389169000220F8 /* PBXContainerItemProxy */ = {
			isa = PBXContainerItemProxy;
			containerPortal = D221DDC12A388DA7000220F8 /* Project object */;
			proxyType = 1;
			remoteGlobalIDString = D221DE072A389169000220F8;
			remoteInfo = Platform;
		};
		D221DE152A389169000220F8 /* PBXContainerItemProxy */ = {
			isa = PBXContainerItemProxy;
			containerPortal = D221DDC12A388DA7000220F8 /* Project object */;
			proxyType = 1;
			remoteGlobalIDString = D221DDC82A388DA7000220F8;
			remoteInfo = "itunes-search";
		};
		D221DE1B2A389169000220F8 /* PBXContainerItemProxy */ = {
			isa = PBXContainerItemProxy;
			containerPortal = D221DDC12A388DA7000220F8 /* Project object */;
			proxyType = 1;
			remoteGlobalIDString = D221DE072A389169000220F8;
			remoteInfo = Platform;
		};
		D221DE2F2A389241000220F8 /* PBXContainerItemProxy */ = {
			isa = PBXContainerItemProxy;
			containerPortal = D221DDC12A388DA7000220F8 /* Project object */;
			proxyType = 1;
			remoteGlobalIDString = D221DDE42A389157000220F8;
			remoteInfo = Domain;
		};
		EC7B3A5D2A3EC95E00D7ACC2 /* PBXContainerItemProxy */ = {
			isa = PBXContainerItemProxy;
			containerPortal = D221DDC12A388DA7000220F8 /* Project object */;
			proxyType = 1;
			remoteGlobalIDString = EC7B3A492A3EC95D00D7ACC2;
			remoteInfo = DesignSystem;
		};
/* End PBXContainerItemProxy section */

/* Begin PBXCopyFilesBuildPhase section */
		D221DDFF2A389157000220F8 /* Embed Frameworks */ = {
			isa = PBXCopyFilesBuildPhase;
			buildActionMask = 2147483647;
			dstPath = "";
			dstSubfolderSpec = 10;
			files = (
				EC7B3A602A3EC95E00D7ACC2 /* DesignSystem.framework in Embed Frameworks */,
				D221DDFB2A389157000220F8 /* Domain.framework in Embed Frameworks */,
				D221DE1E2A389169000220F8 /* Platform.framework in Embed Frameworks */,
			);
			name = "Embed Frameworks";
			runOnlyForDeploymentPostprocessing = 0;
		};
		D221DE312A389241000220F8 /* Embed Frameworks */ = {
			isa = PBXCopyFilesBuildPhase;
			buildActionMask = 2147483647;
			dstPath = "";
			dstSubfolderSpec = 10;
			files = (
				D221DE2E2A389241000220F8 /* Domain.framework in Embed Frameworks */,
			);
			name = "Embed Frameworks";
			runOnlyForDeploymentPostprocessing = 0;
		};
/* End PBXCopyFilesBuildPhase section */

/* Begin PBXFileReference section */
		D221DDC92A388DA7000220F8 /* itunes-search.app */ = {isa = PBXFileReference; explicitFileType = wrapper.application; includeInIndex = 0; path = "itunes-search.app"; sourceTree = BUILT_PRODUCTS_DIR; };
		D221DDD02A388DA8000220F8 /* Assets.xcassets */ = {isa = PBXFileReference; lastKnownFileType = folder.assetcatalog; path = Assets.xcassets; sourceTree = "<group>"; };
		D221DDD22A388DA8000220F8 /* itunes_search.entitlements */ = {isa = PBXFileReference; lastKnownFileType = text.plist.entitlements; path = itunes_search.entitlements; sourceTree = "<group>"; };
		D221DDD42A388DA8000220F8 /* Preview Assets.xcassets */ = {isa = PBXFileReference; lastKnownFileType = folder.assetcatalog; path = "Preview Assets.xcassets"; sourceTree = "<group>"; };
		D221DDE52A389157000220F8 /* Domain.framework */ = {isa = PBXFileReference; explicitFileType = wrapper.framework; includeInIndex = 0; path = Domain.framework; sourceTree = BUILT_PRODUCTS_DIR; };
		D221DDE72A389157000220F8 /* Domain.h */ = {isa = PBXFileReference; lastKnownFileType = sourcecode.c.h; path = Domain.h; sourceTree = "<group>"; };
		D221DDE82A389157000220F8 /* Domain.docc */ = {isa = PBXFileReference; lastKnownFileType = folder.documentationcatalog; path = Domain.docc; sourceTree = "<group>"; };
		D221DDEE2A389157000220F8 /* DomainTests.xctest */ = {isa = PBXFileReference; explicitFileType = wrapper.cfbundle; includeInIndex = 0; path = DomainTests.xctest; sourceTree = BUILT_PRODUCTS_DIR; };
		D221DDF52A389157000220F8 /* DomainTests.swift */ = {isa = PBXFileReference; lastKnownFileType = sourcecode.swift; path = DomainTests.swift; sourceTree = "<group>"; };
		D221DE082A389169000220F8 /* Platform.framework */ = {isa = PBXFileReference; explicitFileType = wrapper.framework; includeInIndex = 0; path = Platform.framework; sourceTree = BUILT_PRODUCTS_DIR; };
		D221DE0A2A389169000220F8 /* Platform.h */ = {isa = PBXFileReference; lastKnownFileType = sourcecode.c.h; path = Platform.h; sourceTree = "<group>"; };
		D221DE0B2A389169000220F8 /* Platform.docc */ = {isa = PBXFileReference; lastKnownFileType = folder.documentationcatalog; path = Platform.docc; sourceTree = "<group>"; };
		D221DE112A389169000220F8 /* PlatformTests.xctest */ = {isa = PBXFileReference; explicitFileType = wrapper.cfbundle; includeInIndex = 0; path = PlatformTests.xctest; sourceTree = BUILT_PRODUCTS_DIR; };
		D221DE182A389169000220F8 /* PlatformTests.swift */ = {isa = PBXFileReference; lastKnownFileType = sourcecode.swift; path = PlatformTests.swift; sourceTree = "<group>"; };
		D221DE5A2A389A54000220F8 /* AppMain.swift */ = {isa = PBXFileReference; lastKnownFileType = sourcecode.swift; path = AppMain.swift; sourceTree = "<group>"; };
		D221DE5C2A389AAC000220F8 /* AppDelegate.swift */ = {isa = PBXFileReference; lastKnownFileType = sourcecode.swift; path = AppDelegate.swift; sourceTree = "<group>"; };
		D221DE5E2A389CCF000220F8 /* DIContainer.swift */ = {isa = PBXFileReference; lastKnownFileType = sourcecode.swift; path = DIContainer.swift; sourceTree = "<group>"; };
		D221DE612A389DDA000220F8 /* AppSearchPage.swift */ = {isa = PBXFileReference; lastKnownFileType = sourcecode.swift; path = AppSearchPage.swift; sourceTree = "<group>"; };
		EC06F9FD2A4024DB0048E713 /* Asset2.xcassets */ = {isa = PBXFileReference; lastKnownFileType = folder.assetcatalog; path = Asset2.xcassets; sourceTree = "<group>"; };
		EC06F9FF2A402B030048E713 /* FrameworkBundle2.swift */ = {isa = PBXFileReference; lastKnownFileType = sourcecode.swift; path = FrameworkBundle2.swift; sourceTree = "<group>"; };
		EC06FA012A402B750048E713 /* AppColor2.swift */ = {isa = PBXFileReference; lastKnownFileType = sourcecode.swift; path = AppColor2.swift; sourceTree = "<group>"; };
		EC5578DE2A3975A600262DDE /* AppSearchPage2.swift */ = {isa = PBXFileReference; lastKnownFileType = sourcecode.swift; path = AppSearchPage2.swift; sourceTree = "<group>"; };
		EC7B3A4A2A3EC95D00D7ACC2 /* DesignSystem.framework */ = {isa = PBXFileReference; explicitFileType = wrapper.framework; includeInIndex = 0; path = DesignSystem.framework; sourceTree = BUILT_PRODUCTS_DIR; };
		EC7B3A4C2A3EC95D00D7ACC2 /* DesignSystem.h */ = {isa = PBXFileReference; lastKnownFileType = sourcecode.c.h; path = DesignSystem.h; sourceTree = "<group>"; };
		EC7B3A6A2A3ECAAC00D7ACC2 /* Asset.xcassets */ = {isa = PBXFileReference; lastKnownFileType = folder.assetcatalog; path = Asset.xcassets; sourceTree = "<group>"; };
		EC7B3A6E2A3ED06C00D7ACC2 /* FramworkBundle.swift */ = {isa = PBXFileReference; lastKnownFileType = sourcecode.swift; path = FramworkBundle.swift; sourceTree = "<group>"; };
		EC7B3A732A3ED2EE00D7ACC2 /* AppColor.swift */ = {isa = PBXFileReference; lastKnownFileType = sourcecode.swift; path = AppColor.swift; sourceTree = "<group>"; };
		ECB1BBCE2A3EDCD900BF572E /* AppTextField.swift */ = {isa = PBXFileReference; lastKnownFileType = sourcecode.swift; path = AppTextField.swift; sourceTree = "<group>"; };
		ECB1BBD12A3EE41A00BF572E /* AppSearchPage+Header.swift */ = {isa = PBXFileReference; lastKnownFileType = sourcecode.swift; path = "AppSearchPage+Header.swift"; sourceTree = "<group>"; };
		ECE1C4192A416FD300FD4993 /* AppDetailListPage+Content.swift */ = {isa = PBXFileReference; lastKnownFileType = sourcecode.swift; path = "AppDetailListPage+Content.swift"; sourceTree = "<group>"; };
		ECE1C4202A4196A000FD4993 /* AppDependency.swift */ = {isa = PBXFileReference; lastKnownFileType = sourcecode.swift; path = AppDependency.swift; sourceTree = "<group>"; };
		ECE1C4222A4196D400FD4993 /* AppRouterGroup.swift */ = {isa = PBXFileReference; lastKnownFileType = sourcecode.swift; path = AppRouterGroup.swift; sourceTree = "<group>"; };
		ECF7EB892A40340700189774 /* AppTextField2.swift */ = {isa = PBXFileReference; lastKnownFileType = sourcecode.swift; path = AppTextField2.swift; sourceTree = "<group>"; };
		ECF7EB8B2A40388A00189774 /* AppSearchPage2+Header.swift */ = {isa = PBXFileReference; lastKnownFileType = sourcecode.swift; path = "AppSearchPage2+Header.swift"; sourceTree = "<group>"; };
		ECF7EB8D2A40417200189774 /* AppDetailPage+Header.swift */ = {isa = PBXFileReference; lastKnownFileType = sourcecode.swift; path = "AppDetailPage+Header.swift"; sourceTree = "<group>"; };
		ECF7EB8F2A40484900189774 /* AppSearchPage2+Content.swift */ = {isa = PBXFileReference; lastKnownFileType = sourcecode.swift; path = "AppSearchPage2+Content.swift"; sourceTree = "<group>"; };
		ECF7EB912A40634E00189774 /* AppDetailPage+Content.swift */ = {isa = PBXFileReference; lastKnownFileType = sourcecode.swift; path = "AppDetailPage+Content.swift"; sourceTree = "<group>"; };
/* End PBXFileReference section */

/* Begin PBXFrameworksBuildPhase section */
		D221DDC62A388DA7000220F8 /* Frameworks */ = {
			isa = PBXFrameworksBuildPhase;
			buildActionMask = 2147483647;
			files = (
				EC7B3A5F2A3EC95E00D7ACC2 /* DesignSystem.framework in Frameworks */,
				D221DDFA2A389157000220F8 /* Domain.framework in Frameworks */,
				ECE1C41E2A41963A00FD4993 /* LinkNavigator in Frameworks */,
				D221DE1D2A389169000220F8 /* Platform.framework in Frameworks */,
			);
			runOnlyForDeploymentPostprocessing = 0;
		};
		D221DDE22A389157000220F8 /* Frameworks */ = {
			isa = PBXFrameworksBuildPhase;
			buildActionMask = 2147483647;
			files = (
			);
			runOnlyForDeploymentPostprocessing = 0;
		};
		D221DDEB2A389157000220F8 /* Frameworks */ = {
			isa = PBXFrameworksBuildPhase;
			buildActionMask = 2147483647;
			files = (
				D221DDEF2A389157000220F8 /* Domain.framework in Frameworks */,
			);
			runOnlyForDeploymentPostprocessing = 0;
		};
		D221DE052A389169000220F8 /* Frameworks */ = {
			isa = PBXFrameworksBuildPhase;
			buildActionMask = 2147483647;
			files = (
				D221DE2D2A389241000220F8 /* Domain.framework in Frameworks */,
			);
			runOnlyForDeploymentPostprocessing = 0;
		};
		D221DE0E2A389169000220F8 /* Frameworks */ = {
			isa = PBXFrameworksBuildPhase;
			buildActionMask = 2147483647;
			files = (
				D221DE122A389169000220F8 /* Platform.framework in Frameworks */,
			);
			runOnlyForDeploymentPostprocessing = 0;
		};
		EC7B3A472A3EC95D00D7ACC2 /* Frameworks */ = {
			isa = PBXFrameworksBuildPhase;
			buildActionMask = 2147483647;
			files = (
			);
			runOnlyForDeploymentPostprocessing = 0;
		};
/* End PBXFrameworksBuildPhase section */

/* Begin PBXGroup section */
		D221DDC02A388DA7000220F8 = {
			isa = PBXGroup;
			children = (
				ECE1C41F2A41968B00FD4993 /* LinkNavigator */,
				D221DDCB2A388DA7000220F8 /* itunes-search */,
				D221DDE62A389157000220F8 /* Domain */,
				D221DDF42A389157000220F8 /* DomainTests */,
				D221DE092A389169000220F8 /* Platform */,
				D221DE172A389169000220F8 /* PlatformTests */,
				EC7B3A4B2A3EC95D00D7ACC2 /* DesignSystem */,
				D221DDCA2A388DA7000220F8 /* Products */,
				D221DE2C2A389241000220F8 /* Frameworks */,
			);
			sourceTree = "<group>";
		};
		D221DDCA2A388DA7000220F8 /* Products */ = {
			isa = PBXGroup;
			children = (
				D221DDC92A388DA7000220F8 /* itunes-search.app */,
				D221DDE52A389157000220F8 /* Domain.framework */,
				D221DDEE2A389157000220F8 /* DomainTests.xctest */,
				D221DE082A389169000220F8 /* Platform.framework */,
				D221DE112A389169000220F8 /* PlatformTests.xctest */,
				EC7B3A4A2A3EC95D00D7ACC2 /* DesignSystem.framework */,
			);
			name = Products;
			sourceTree = "<group>";
		};
		D221DDCB2A388DA7000220F8 /* itunes-search */ = {
			isa = PBXGroup;
			children = (
				D221DE322A389287000220F8 /* Feature */,
				D221DDDB2A388DBE000220F8 /* Resource */,
				D221DDD32A388DA8000220F8 /* Preview Content */,
			);
			path = "itunes-search";
			sourceTree = "<group>";
		};
		D221DDD32A388DA8000220F8 /* Preview Content */ = {
			isa = PBXGroup;
			children = (
				D221DDD42A388DA8000220F8 /* Preview Assets.xcassets */,
			);
			path = "Preview Content";
			sourceTree = "<group>";
		};
		D221DDDB2A388DBE000220F8 /* Resource */ = {
			isa = PBXGroup;
			children = (
				D221DDD02A388DA8000220F8 /* Assets.xcassets */,
				D221DDD22A388DA8000220F8 /* itunes_search.entitlements */,
			);
			path = Resource;
			sourceTree = "<group>";
		};
		D221DDE62A389157000220F8 /* Domain */ = {
			isa = PBXGroup;
			children = (
				D221DE252A38917E000220F8 /* Source */,
				D221DDE72A389157000220F8 /* Domain.h */,
				D221DDE82A389157000220F8 /* Domain.docc */,
			);
			path = Domain;
			sourceTree = "<group>";
		};
		D221DDF42A389157000220F8 /* DomainTests */ = {
			isa = PBXGroup;
			children = (
				D221DDF52A389157000220F8 /* DomainTests.swift */,
			);
			path = DomainTests;
			sourceTree = "<group>";
		};
		D221DE092A389169000220F8 /* Platform */ = {
			isa = PBXGroup;
			children = (
				D221DE282A3891AF000220F8 /* Source */,
				D221DE0A2A389169000220F8 /* Platform.h */,
				D221DE0B2A389169000220F8 /* Platform.docc */,
			);
			path = Platform;
			sourceTree = "<group>";
		};
		D221DE172A389169000220F8 /* PlatformTests */ = {
			isa = PBXGroup;
			children = (
				D221DE182A389169000220F8 /* PlatformTests.swift */,
			);
			path = PlatformTests;
			sourceTree = "<group>";
		};
		D221DE252A38917E000220F8 /* Source */ = {
			isa = PBXGroup;
			children = (
				D221DE272A389199000220F8 /* Entitiy */,
				D221DE262A38918C000220F8 /* UseCase */,
			);
			path = Source;
			sourceTree = "<group>";
		};
		D221DE262A38918C000220F8 /* UseCase */ = {
			isa = PBXGroup;
			children = (
			);
			path = UseCase;
			sourceTree = "<group>";
		};
		D221DE272A389199000220F8 /* Entitiy */ = {
			isa = PBXGroup;
			children = (
			);
			path = Entitiy;
			sourceTree = "<group>";
		};
		D221DE282A3891AF000220F8 /* Source */ = {
			isa = PBXGroup;
			children = (
				D221DE292A3891F8000220F8 /* Network */,
			);
			path = Source;
			sourceTree = "<group>";
		};
		D221DE292A3891F8000220F8 /* Network */ = {
			isa = PBXGroup;
			children = (
				D221DE2B2A38920E000220F8 /* UseCase */,
				D221DE2A2A389207000220F8 /* Core */,
			);
			path = Network;
			sourceTree = "<group>";
		};
		D221DE2A2A389207000220F8 /* Core */ = {
			isa = PBXGroup;
			children = (
			);
			path = Core;
			sourceTree = "<group>";
		};
		D221DE2B2A38920E000220F8 /* UseCase */ = {
			isa = PBXGroup;
			children = (
			);
			path = UseCase;
			sourceTree = "<group>";
		};
		D221DE2C2A389241000220F8 /* Frameworks */ = {
			isa = PBXGroup;
			children = (
			);
			name = Frameworks;
			sourceTree = "<group>";
		};
		D221DE322A389287000220F8 /* Feature */ = {
			isa = PBXGroup;
			children = (
				D221DE332A3892D3000220F8 /* Page */,
				D221DE5A2A389A54000220F8 /* AppMain.swift */,
				D221DE5C2A389AAC000220F8 /* AppDelegate.swift */,
				D221DE5E2A389CCF000220F8 /* DIContainer.swift */,
			);
			path = Feature;
			sourceTree = "<group>";
		};
		D221DE332A3892D3000220F8 /* Page */ = {
			isa = PBXGroup;
			children = (
				D221DE602A389DB6000220F8 /* AppSearchPage */,
			);
			path = Page;
			sourceTree = "<group>";
		};
		D221DE602A389DB6000220F8 /* AppSearchPage */ = {
			isa = PBXGroup;
			children = (
				ECB1BBD02A3EE3F900BF572E /* Component */,
				D221DE612A389DDA000220F8 /* AppSearchPage.swift */,
				EC5578DE2A3975A600262DDE /* AppSearchPage2.swift */,
			);
			path = AppSearchPage;
			sourceTree = "<group>";
		};
		EC7B3A4B2A3EC95D00D7ACC2 /* DesignSystem */ = {
			isa = PBXGroup;
			children = (
				EC7B3A692A3ECA0500D7ACC2 /* Resource */,
				EC7B3A682A3ECA0100D7ACC2 /* Component */,
				EC7B3A672A3EC9FE00D7ACC2 /* Base */,
				EC7B3A4C2A3EC95D00D7ACC2 /* DesignSystem.h */,
			);
			path = DesignSystem;
			sourceTree = "<group>";
		};
		EC7B3A672A3EC9FE00D7ACC2 /* Base */ = {
			isa = PBXGroup;
			children = (
				EC7B3A722A3ED2DA00D7ACC2 /* Image */,
				EC7B3A712A3ED2D700D7ACC2 /* Color */,
				EC7B3A702A3ED2D200D7ACC2 /* Font */,
			);
			path = Base;
			sourceTree = "<group>";
		};
		EC7B3A682A3ECA0100D7ACC2 /* Component */ = {
			isa = PBXGroup;
			children = (
				ECB1BBCC2A3EDCBE00BF572E /* Form */,
			);
			path = Component;
			sourceTree = "<group>";
		};
		EC7B3A692A3ECA0500D7ACC2 /* Resource */ = {
			isa = PBXGroup;
			children = (
				EC7B3A6A2A3ECAAC00D7ACC2 /* Asset.xcassets */,
				EC06F9FD2A4024DB0048E713 /* Asset2.xcassets */,
				EC7B3A6E2A3ED06C00D7ACC2 /* FramworkBundle.swift */,
				EC06F9FF2A402B030048E713 /* FrameworkBundle2.swift */,
			);
			path = Resource;
			sourceTree = "<group>";
		};
		EC7B3A702A3ED2D200D7ACC2 /* Font */ = {
			isa = PBXGroup;
			children = (
			);
			path = Font;
			sourceTree = "<group>";
		};
		EC7B3A712A3ED2D700D7ACC2 /* Color */ = {
			isa = PBXGroup;
			children = (
				EC7B3A732A3ED2EE00D7ACC2 /* AppColor.swift */,
				EC06FA012A402B750048E713 /* AppColor2.swift */,
			);
			path = Color;
			sourceTree = "<group>";
		};
		EC7B3A722A3ED2DA00D7ACC2 /* Image */ = {
			isa = PBXGroup;
			children = (
			);
			path = Image;
			sourceTree = "<group>";
		};
		ECB1BBCC2A3EDCBE00BF572E /* Form */ = {
			isa = PBXGroup;
			children = (
				ECB1BBCD2A3EDCC200BF572E /* TextField */,
			);
			path = Form;
			sourceTree = "<group>";
		};
		ECB1BBCD2A3EDCC200BF572E /* TextField */ = {
			isa = PBXGroup;
			children = (
				ECB1BBCE2A3EDCD900BF572E /* AppTextField.swift */,
				ECF7EB892A40340700189774 /* AppTextField2.swift */,
			);
			path = TextField;
			sourceTree = "<group>";
		};
		ECB1BBD02A3EE3F900BF572E /* Component */ = {
			isa = PBXGroup;
			children = (
				ECB1BBD12A3EE41A00BF572E /* AppSearchPage+Header.swift */,
				ECF7EB8B2A40388A00189774 /* AppSearchPage2+Header.swift */,
				ECF7EB8F2A40484900189774 /* AppSearchPage2+Content.swift */,
				ECF7EB8D2A40417200189774 /* AppDetailPage+Header.swift */,
				ECF7EB912A40634E00189774 /* AppDetailPage+Content.swift */,
				ECE1C4192A416FD300FD4993 /* AppDetailListPage+Content.swift */,
			);
			path = Component;
			sourceTree = "<group>";
		};
		ECE1C41F2A41968B00FD4993 /* LinkNavigator */ = {
			isa = PBXGroup;
			children = (
				ECE1C4202A4196A000FD4993 /* AppDependency.swift */,
				ECE1C4222A4196D400FD4993 /* AppRouterGroup.swift */,
			);
			path = LinkNavigator;
			sourceTree = "<group>";
		};
/* End PBXGroup section */

/* Begin PBXHeadersBuildPhase section */
		D221DDE02A389157000220F8 /* Headers */ = {
			isa = PBXHeadersBuildPhase;
			buildActionMask = 2147483647;
			files = (
				D221DDF72A389157000220F8 /* Domain.h in Headers */,
			);
			runOnlyForDeploymentPostprocessing = 0;
		};
		D221DE032A389169000220F8 /* Headers */ = {
			isa = PBXHeadersBuildPhase;
			buildActionMask = 2147483647;
			files = (
				D221DE1A2A389169000220F8 /* Platform.h in Headers */,
			);
			runOnlyForDeploymentPostprocessing = 0;
		};
		EC7B3A452A3EC95D00D7ACC2 /* Headers */ = {
			isa = PBXHeadersBuildPhase;
			buildActionMask = 2147483647;
			files = (
				EC7B3A5C2A3EC95E00D7ACC2 /* DesignSystem.h in Headers */,
			);
			runOnlyForDeploymentPostprocessing = 0;
		};
/* End PBXHeadersBuildPhase section */

/* Begin PBXNativeTarget section */
		D221DDC82A388DA7000220F8 /* itunes-search */ = {
			isa = PBXNativeTarget;
			buildConfigurationList = D221DDD82A388DA8000220F8 /* Build configuration list for PBXNativeTarget "itunes-search" */;
			buildPhases = (
				D221DDC52A388DA7000220F8 /* Sources */,
				D221DDC62A388DA7000220F8 /* Frameworks */,
				D221DDC72A388DA7000220F8 /* Resources */,
				D221DDFF2A389157000220F8 /* Embed Frameworks */,
			);
			buildRules = (
			);
			dependencies = (
				D221DDF92A389157000220F8 /* PBXTargetDependency */,
				D221DE1C2A389169000220F8 /* PBXTargetDependency */,
				EC7B3A5E2A3EC95E00D7ACC2 /* PBXTargetDependency */,
			);
			name = "itunes-search";
			packageProductDependencies = (
				ECE1C41D2A41963A00FD4993 /* LinkNavigator */,
			);
			productName = "itunes-search";
			productReference = D221DDC92A388DA7000220F8 /* itunes-search.app */;
			productType = "com.apple.product-type.application";
		};
		D221DDE42A389157000220F8 /* Domain */ = {
			isa = PBXNativeTarget;
			buildConfigurationList = D221DDFC2A389157000220F8 /* Build configuration list for PBXNativeTarget "Domain" */;
			buildPhases = (
				D221DDE02A389157000220F8 /* Headers */,
				D221DDE12A389157000220F8 /* Sources */,
				D221DDE22A389157000220F8 /* Frameworks */,
				D221DDE32A389157000220F8 /* Resources */,
			);
			buildRules = (
			);
			dependencies = (
			);
			name = Domain;
			productName = Domain;
			productReference = D221DDE52A389157000220F8 /* Domain.framework */;
			productType = "com.apple.product-type.framework";
		};
		D221DDED2A389157000220F8 /* DomainTests */ = {
			isa = PBXNativeTarget;
			buildConfigurationList = D221DE002A389157000220F8 /* Build configuration list for PBXNativeTarget "DomainTests" */;
			buildPhases = (
				D221DDEA2A389157000220F8 /* Sources */,
				D221DDEB2A389157000220F8 /* Frameworks */,
				D221DDEC2A389157000220F8 /* Resources */,
			);
			buildRules = (
			);
			dependencies = (
				D221DDF12A389157000220F8 /* PBXTargetDependency */,
				D221DDF32A389157000220F8 /* PBXTargetDependency */,
			);
			name = DomainTests;
			productName = DomainTests;
			productReference = D221DDEE2A389157000220F8 /* DomainTests.xctest */;
			productType = "com.apple.product-type.bundle.unit-test";
		};
		D221DE072A389169000220F8 /* Platform */ = {
			isa = PBXNativeTarget;
			buildConfigurationList = D221DE1F2A389169000220F8 /* Build configuration list for PBXNativeTarget "Platform" */;
			buildPhases = (
				D221DE032A389169000220F8 /* Headers */,
				D221DE042A389169000220F8 /* Sources */,
				D221DE052A389169000220F8 /* Frameworks */,
				D221DE062A389169000220F8 /* Resources */,
				D221DE312A389241000220F8 /* Embed Frameworks */,
			);
			buildRules = (
			);
			dependencies = (
				D221DE302A389241000220F8 /* PBXTargetDependency */,
			);
			name = Platform;
			productName = Platform;
			productReference = D221DE082A389169000220F8 /* Platform.framework */;
			productType = "com.apple.product-type.framework";
		};
		D221DE102A389169000220F8 /* PlatformTests */ = {
			isa = PBXNativeTarget;
			buildConfigurationList = D221DE222A389169000220F8 /* Build configuration list for PBXNativeTarget "PlatformTests" */;
			buildPhases = (
				D221DE0D2A389169000220F8 /* Sources */,
				D221DE0E2A389169000220F8 /* Frameworks */,
				D221DE0F2A389169000220F8 /* Resources */,
			);
			buildRules = (
			);
			dependencies = (
				D221DE142A389169000220F8 /* PBXTargetDependency */,
				D221DE162A389169000220F8 /* PBXTargetDependency */,
			);
			name = PlatformTests;
			productName = PlatformTests;
			productReference = D221DE112A389169000220F8 /* PlatformTests.xctest */;
			productType = "com.apple.product-type.bundle.unit-test";
		};
		EC7B3A492A3EC95D00D7ACC2 /* DesignSystem */ = {
			isa = PBXNativeTarget;
			buildConfigurationList = EC7B3A652A3EC95E00D7ACC2 /* Build configuration list for PBXNativeTarget "DesignSystem" */;
			buildPhases = (
				EC7B3A452A3EC95D00D7ACC2 /* Headers */,
				EC7B3A462A3EC95D00D7ACC2 /* Sources */,
				EC7B3A472A3EC95D00D7ACC2 /* Frameworks */,
				EC7B3A482A3EC95D00D7ACC2 /* Resources */,
			);
			buildRules = (
			);
			dependencies = (
			);
			name = DesignSystem;
			productName = DesignSystem;
			productReference = EC7B3A4A2A3EC95D00D7ACC2 /* DesignSystem.framework */;
			productType = "com.apple.product-type.framework";
		};
/* End PBXNativeTarget section */

/* Begin PBXProject section */
		D221DDC12A388DA7000220F8 /* Project object */ = {
			isa = PBXProject;
			attributes = {
				BuildIndependentTargetsInParallel = 1;
				LastSwiftUpdateCheck = 1430;
				LastUpgradeCheck = 1430;
				TargetAttributes = {
					D221DDC82A388DA7000220F8 = {
						CreatedOnToolsVersion = 14.3.1;
						LastSwiftMigration = 1430;
					};
					D221DDE42A389157000220F8 = {
						CreatedOnToolsVersion = 14.3.1;
					};
					D221DDED2A389157000220F8 = {
						CreatedOnToolsVersion = 14.3.1;
						TestTargetID = D221DDC82A388DA7000220F8;
					};
					D221DE072A389169000220F8 = {
						CreatedOnToolsVersion = 14.3.1;
					};
					D221DE102A389169000220F8 = {
						CreatedOnToolsVersion = 14.3.1;
						TestTargetID = D221DDC82A388DA7000220F8;
					};
					EC7B3A492A3EC95D00D7ACC2 = {
						CreatedOnToolsVersion = 14.3.1;
						LastSwiftMigration = 1430;
					};
				};
			};
			buildConfigurationList = D221DDC42A388DA7000220F8 /* Build configuration list for PBXProject "itunes-search" */;
			compatibilityVersion = "Xcode 14.0";
			developmentRegion = en;
			hasScannedForEncodings = 0;
			knownRegions = (
				en,
				Base,
			);
			mainGroup = D221DDC02A388DA7000220F8;
			packageReferences = (
				ECE1C41C2A41963A00FD4993 /* XCRemoteSwiftPackageReference "LinkNavigator" */,
			);
			productRefGroup = D221DDCA2A388DA7000220F8 /* Products */;
			projectDirPath = "";
			projectRoot = "";
			targets = (
				D221DDC82A388DA7000220F8 /* itunes-search */,
				D221DDE42A389157000220F8 /* Domain */,
				D221DDED2A389157000220F8 /* DomainTests */,
				D221DE072A389169000220F8 /* Platform */,
				D221DE102A389169000220F8 /* PlatformTests */,
				EC7B3A492A3EC95D00D7ACC2 /* DesignSystem */,
			);
		};
/* End PBXProject section */

/* Begin PBXResourcesBuildPhase section */
		D221DDC72A388DA7000220F8 /* Resources */ = {
			isa = PBXResourcesBuildPhase;
			buildActionMask = 2147483647;
			files = (
				D221DDD52A388DA8000220F8 /* Preview Assets.xcassets in Resources */,
				D221DDD12A388DA8000220F8 /* Assets.xcassets in Resources */,
			);
			runOnlyForDeploymentPostprocessing = 0;
		};
		D221DDE32A389157000220F8 /* Resources */ = {
			isa = PBXResourcesBuildPhase;
			buildActionMask = 2147483647;
			files = (
			);
			runOnlyForDeploymentPostprocessing = 0;
		};
		D221DDEC2A389157000220F8 /* Resources */ = {
			isa = PBXResourcesBuildPhase;
			buildActionMask = 2147483647;
			files = (
			);
			runOnlyForDeploymentPostprocessing = 0;
		};
		D221DE062A389169000220F8 /* Resources */ = {
			isa = PBXResourcesBuildPhase;
			buildActionMask = 2147483647;
			files = (
			);
			runOnlyForDeploymentPostprocessing = 0;
		};
		D221DE0F2A389169000220F8 /* Resources */ = {
			isa = PBXResourcesBuildPhase;
			buildActionMask = 2147483647;
			files = (
			);
			runOnlyForDeploymentPostprocessing = 0;
		};
		EC7B3A482A3EC95D00D7ACC2 /* Resources */ = {
			isa = PBXResourcesBuildPhase;
			buildActionMask = 2147483647;
			files = (
				EC06F9FE2A4024DB0048E713 /* Asset2.xcassets in Resources */,
				EC7B3A6B2A3ECAAC00D7ACC2 /* Asset.xcassets in Resources */,
			);
			runOnlyForDeploymentPostprocessing = 0;
		};
/* End PBXResourcesBuildPhase section */

/* Begin PBXSourcesBuildPhase section */
		D221DDC52A388DA7000220F8 /* Sources */ = {
			isa = PBXSourcesBuildPhase;
			buildActionMask = 2147483647;
			files = (
				EC5578DF2A3975A600262DDE /* AppSearchPage2.swift in Sources */,
				D221DE5D2A389AAC000220F8 /* AppDelegate.swift in Sources */,
				D221DE5F2A389CCF000220F8 /* DIContainer.swift in Sources */,
				D221DE622A389DDA000220F8 /* AppSearchPage.swift in Sources */,
				ECF7EB902A40484900189774 /* AppSearchPage2+Content.swift in Sources */,
				D221DE5B2A389A54000220F8 /* AppMain.swift in Sources */,
				ECE1C4212A4196A000FD4993 /* AppDependency.swift in Sources */,
				ECB1BBD22A3EE41A00BF572E /* AppSearchPage+Header.swift in Sources */,
				ECF7EB8C2A40388A00189774 /* AppSearchPage2+Header.swift in Sources */,
				ECE1C4232A4196D400FD4993 /* AppRouterGroup.swift in Sources */,
				ECF7EB8E2A40417200189774 /* AppDetailPage+Header.swift in Sources */,
				ECF7EB922A40634E00189774 /* AppDetailPage+Content.swift in Sources */,
				ECE1C41A2A416FD300FD4993 /* AppDetailListPage+Content.swift in Sources */,
			);
			runOnlyForDeploymentPostprocessing = 0;
		};
		D221DDE12A389157000220F8 /* Sources */ = {
			isa = PBXSourcesBuildPhase;
			buildActionMask = 2147483647;
			files = (
				D221DDE92A389157000220F8 /* Domain.docc in Sources */,
			);
			runOnlyForDeploymentPostprocessing = 0;
		};
		D221DDEA2A389157000220F8 /* Sources */ = {
			isa = PBXSourcesBuildPhase;
			buildActionMask = 2147483647;
			files = (
				D221DDF62A389157000220F8 /* DomainTests.swift in Sources */,
			);
			runOnlyForDeploymentPostprocessing = 0;
		};
		D221DE042A389169000220F8 /* Sources */ = {
			isa = PBXSourcesBuildPhase;
			buildActionMask = 2147483647;
			files = (
				D221DE0C2A389169000220F8 /* Platform.docc in Sources */,
			);
			runOnlyForDeploymentPostprocessing = 0;
		};
		D221DE0D2A389169000220F8 /* Sources */ = {
			isa = PBXSourcesBuildPhase;
			buildActionMask = 2147483647;
			files = (
				D221DE192A389169000220F8 /* PlatformTests.swift in Sources */,
			);
			runOnlyForDeploymentPostprocessing = 0;
		};
		EC7B3A462A3EC95D00D7ACC2 /* Sources */ = {
			isa = PBXSourcesBuildPhase;
			buildActionMask = 2147483647;
			files = (
				EC7B3A6F2A3ED06C00D7ACC2 /* FramworkBundle.swift in Sources */,
				EC06FA022A402B750048E713 /* AppColor2.swift in Sources */,
				EC7B3A742A3ED2EE00D7ACC2 /* AppColor.swift in Sources */,
				ECB1BBCF2A3EDCD900BF572E /* AppTextField.swift in Sources */,
				ECF7EB8A2A40340700189774 /* AppTextField2.swift in Sources */,
				EC06FA002A402B030048E713 /* FrameworkBundle2.swift in Sources */,
			);
			runOnlyForDeploymentPostprocessing = 0;
		};
/* End PBXSourcesBuildPhase section */

/* Begin PBXTargetDependency section */
		D221DDF12A389157000220F8 /* PBXTargetDependency */ = {
			isa = PBXTargetDependency;
			target = D221DDE42A389157000220F8 /* Domain */;
			targetProxy = D221DDF02A389157000220F8 /* PBXContainerItemProxy */;
		};
		D221DDF32A389157000220F8 /* PBXTargetDependency */ = {
			isa = PBXTargetDependency;
			target = D221DDC82A388DA7000220F8 /* itunes-search */;
			targetProxy = D221DDF22A389157000220F8 /* PBXContainerItemProxy */;
		};
		D221DDF92A389157000220F8 /* PBXTargetDependency */ = {
			isa = PBXTargetDependency;
			target = D221DDE42A389157000220F8 /* Domain */;
			targetProxy = D221DDF82A389157000220F8 /* PBXContainerItemProxy */;
		};
		D221DE142A389169000220F8 /* PBXTargetDependency */ = {
			isa = PBXTargetDependency;
			target = D221DE072A389169000220F8 /* Platform */;
			targetProxy = D221DE132A389169000220F8 /* PBXContainerItemProxy */;
		};
		D221DE162A389169000220F8 /* PBXTargetDependency */ = {
			isa = PBXTargetDependency;
			target = D221DDC82A388DA7000220F8 /* itunes-search */;
			targetProxy = D221DE152A389169000220F8 /* PBXContainerItemProxy */;
		};
		D221DE1C2A389169000220F8 /* PBXTargetDependency */ = {
			isa = PBXTargetDependency;
			target = D221DE072A389169000220F8 /* Platform */;
			targetProxy = D221DE1B2A389169000220F8 /* PBXContainerItemProxy */;
		};
		D221DE302A389241000220F8 /* PBXTargetDependency */ = {
			isa = PBXTargetDependency;
			target = D221DDE42A389157000220F8 /* Domain */;
			targetProxy = D221DE2F2A389241000220F8 /* PBXContainerItemProxy */;
		};
		EC7B3A5E2A3EC95E00D7ACC2 /* PBXTargetDependency */ = {
			isa = PBXTargetDependency;
			target = EC7B3A492A3EC95D00D7ACC2 /* DesignSystem */;
			targetProxy = EC7B3A5D2A3EC95E00D7ACC2 /* PBXContainerItemProxy */;
		};
/* End PBXTargetDependency section */

/* Begin XCBuildConfiguration section */
		D221DDD62A388DA8000220F8 /* Debug */ = {
			isa = XCBuildConfiguration;
			buildSettings = {
				ALWAYS_SEARCH_USER_PATHS = NO;
				CLANG_ANALYZER_NONNULL = YES;
				CLANG_ANALYZER_NUMBER_OBJECT_CONVERSION = YES_AGGRESSIVE;
				CLANG_CXX_LANGUAGE_STANDARD = "gnu++20";
				CLANG_ENABLE_MODULES = YES;
				CLANG_ENABLE_OBJC_ARC = YES;
				CLANG_ENABLE_OBJC_WEAK = YES;
				CLANG_WARN_BLOCK_CAPTURE_AUTORELEASING = YES;
				CLANG_WARN_BOOL_CONVERSION = YES;
				CLANG_WARN_COMMA = YES;
				CLANG_WARN_CONSTANT_CONVERSION = YES;
				CLANG_WARN_DEPRECATED_OBJC_IMPLEMENTATIONS = YES;
				CLANG_WARN_DIRECT_OBJC_ISA_USAGE = YES_ERROR;
				CLANG_WARN_DOCUMENTATION_COMMENTS = YES;
				CLANG_WARN_EMPTY_BODY = YES;
				CLANG_WARN_ENUM_CONVERSION = YES;
				CLANG_WARN_INFINITE_RECURSION = YES;
				CLANG_WARN_INT_CONVERSION = YES;
				CLANG_WARN_NON_LITERAL_NULL_CONVERSION = YES;
				CLANG_WARN_OBJC_IMPLICIT_RETAIN_SELF = YES;
				CLANG_WARN_OBJC_LITERAL_CONVERSION = YES;
				CLANG_WARN_OBJC_ROOT_CLASS = YES_ERROR;
				CLANG_WARN_QUOTED_INCLUDE_IN_FRAMEWORK_HEADER = YES;
				CLANG_WARN_RANGE_LOOP_ANALYSIS = YES;
				CLANG_WARN_STRICT_PROTOTYPES = YES;
				CLANG_WARN_SUSPICIOUS_MOVE = YES;
				CLANG_WARN_UNGUARDED_AVAILABILITY = YES_AGGRESSIVE;
				CLANG_WARN_UNREACHABLE_CODE = YES;
				CLANG_WARN__DUPLICATE_METHOD_MATCH = YES;
				COPY_PHASE_STRIP = NO;
				DEBUG_INFORMATION_FORMAT = dwarf;
				ENABLE_STRICT_OBJC_MSGSEND = YES;
				ENABLE_TESTABILITY = YES;
				GCC_C_LANGUAGE_STANDARD = gnu11;
				GCC_DYNAMIC_NO_PIC = NO;
				GCC_NO_COMMON_BLOCKS = YES;
				GCC_OPTIMIZATION_LEVEL = 0;
				GCC_PREPROCESSOR_DEFINITIONS = (
					"DEBUG=1",
					"$(inherited)",
				);
				GCC_WARN_64_TO_32_BIT_CONVERSION = YES;
				GCC_WARN_ABOUT_RETURN_TYPE = YES_ERROR;
				GCC_WARN_UNDECLARED_SELECTOR = YES;
				GCC_WARN_UNINITIALIZED_AUTOS = YES_AGGRESSIVE;
				GCC_WARN_UNUSED_FUNCTION = YES;
				GCC_WARN_UNUSED_VARIABLE = YES;
				MTL_ENABLE_DEBUG_INFO = INCLUDE_SOURCE;
				MTL_FAST_MATH = YES;
				ONLY_ACTIVE_ARCH = YES;
				SWIFT_ACTIVE_COMPILATION_CONDITIONS = DEBUG;
				SWIFT_OPTIMIZATION_LEVEL = "-Onone";
			};
			name = Debug;
		};
		D221DDD72A388DA8000220F8 /* Release */ = {
			isa = XCBuildConfiguration;
			buildSettings = {
				ALWAYS_SEARCH_USER_PATHS = NO;
				CLANG_ANALYZER_NONNULL = YES;
				CLANG_ANALYZER_NUMBER_OBJECT_CONVERSION = YES_AGGRESSIVE;
				CLANG_CXX_LANGUAGE_STANDARD = "gnu++20";
				CLANG_ENABLE_MODULES = YES;
				CLANG_ENABLE_OBJC_ARC = YES;
				CLANG_ENABLE_OBJC_WEAK = YES;
				CLANG_WARN_BLOCK_CAPTURE_AUTORELEASING = YES;
				CLANG_WARN_BOOL_CONVERSION = YES;
				CLANG_WARN_COMMA = YES;
				CLANG_WARN_CONSTANT_CONVERSION = YES;
				CLANG_WARN_DEPRECATED_OBJC_IMPLEMENTATIONS = YES;
				CLANG_WARN_DIRECT_OBJC_ISA_USAGE = YES_ERROR;
				CLANG_WARN_DOCUMENTATION_COMMENTS = YES;
				CLANG_WARN_EMPTY_BODY = YES;
				CLANG_WARN_ENUM_CONVERSION = YES;
				CLANG_WARN_INFINITE_RECURSION = YES;
				CLANG_WARN_INT_CONVERSION = YES;
				CLANG_WARN_NON_LITERAL_NULL_CONVERSION = YES;
				CLANG_WARN_OBJC_IMPLICIT_RETAIN_SELF = YES;
				CLANG_WARN_OBJC_LITERAL_CONVERSION = YES;
				CLANG_WARN_OBJC_ROOT_CLASS = YES_ERROR;
				CLANG_WARN_QUOTED_INCLUDE_IN_FRAMEWORK_HEADER = YES;
				CLANG_WARN_RANGE_LOOP_ANALYSIS = YES;
				CLANG_WARN_STRICT_PROTOTYPES = YES;
				CLANG_WARN_SUSPICIOUS_MOVE = YES;
				CLANG_WARN_UNGUARDED_AVAILABILITY = YES_AGGRESSIVE;
				CLANG_WARN_UNREACHABLE_CODE = YES;
				CLANG_WARN__DUPLICATE_METHOD_MATCH = YES;
				COPY_PHASE_STRIP = NO;
				DEBUG_INFORMATION_FORMAT = "dwarf-with-dsym";
				ENABLE_NS_ASSERTIONS = NO;
				ENABLE_STRICT_OBJC_MSGSEND = YES;
				GCC_C_LANGUAGE_STANDARD = gnu11;
				GCC_NO_COMMON_BLOCKS = YES;
				GCC_WARN_64_TO_32_BIT_CONVERSION = YES;
				GCC_WARN_ABOUT_RETURN_TYPE = YES_ERROR;
				GCC_WARN_UNDECLARED_SELECTOR = YES;
				GCC_WARN_UNINITIALIZED_AUTOS = YES_AGGRESSIVE;
				GCC_WARN_UNUSED_FUNCTION = YES;
				GCC_WARN_UNUSED_VARIABLE = YES;
				MTL_ENABLE_DEBUG_INFO = NO;
				MTL_FAST_MATH = YES;
				SWIFT_COMPILATION_MODE = wholemodule;
				SWIFT_OPTIMIZATION_LEVEL = "-O";
			};
			name = Release;
		};
		D221DDD92A388DA8000220F8 /* Debug */ = {
			isa = XCBuildConfiguration;
			buildSettings = {
				ALWAYS_EMBED_SWIFT_STANDARD_LIBRARIES = YES;
				ASSETCATALOG_COMPILER_APPICON_NAME = AppIcon;
				ASSETCATALOG_COMPILER_GLOBAL_ACCENT_COLOR_NAME = AccentColor;
				CLANG_ENABLE_MODULES = YES;
				CODE_SIGN_ENTITLEMENTS = "itunes-search/Resource/itunes_search.entitlements";
				CODE_SIGN_STYLE = Automatic;
				CURRENT_PROJECT_VERSION = 1;
				DEVELOPMENT_ASSET_PATHS = "\"itunes-search/Preview Content\"";
				DEVELOPMENT_TEAM = D22ZM93S77;
				ENABLE_PREVIEWS = YES;
				GENERATE_INFOPLIST_FILE = YES;
				INFOPLIST_FILE = "";
				"INFOPLIST_KEY_UIApplicationSceneManifest_Generation[sdk=iphoneos*]" = YES;
				"INFOPLIST_KEY_UIApplicationSceneManifest_Generation[sdk=iphonesimulator*]" = YES;
				"INFOPLIST_KEY_UIApplicationSupportsIndirectInputEvents[sdk=iphoneos*]" = YES;
				"INFOPLIST_KEY_UIApplicationSupportsIndirectInputEvents[sdk=iphonesimulator*]" = YES;
				"INFOPLIST_KEY_UILaunchScreen_Generation[sdk=iphoneos*]" = YES;
				"INFOPLIST_KEY_UILaunchScreen_Generation[sdk=iphonesimulator*]" = YES;
				"INFOPLIST_KEY_UIStatusBarStyle[sdk=iphoneos*]" = UIStatusBarStyleDefault;
				"INFOPLIST_KEY_UIStatusBarStyle[sdk=iphonesimulator*]" = UIStatusBarStyleDefault;
				INFOPLIST_KEY_UISupportedInterfaceOrientations_iPad = "UIInterfaceOrientationPortrait UIInterfaceOrientationPortraitUpsideDown UIInterfaceOrientationLandscapeLeft UIInterfaceOrientationLandscapeRight";
				INFOPLIST_KEY_UISupportedInterfaceOrientations_iPhone = "UIInterfaceOrientationPortrait UIInterfaceOrientationLandscapeLeft UIInterfaceOrientationLandscapeRight";
				IPHONEOS_DEPLOYMENT_TARGET = 16.4;
				LD_RUNPATH_SEARCH_PATHS = "@executable_path/Frameworks";
				"LD_RUNPATH_SEARCH_PATHS[sdk=macosx*]" = "@executable_path/../Frameworks";
				MACOSX_DEPLOYMENT_TARGET = 13.3;
				MARKETING_VERSION = 1.0;
				PRODUCT_BUNDLE_IDENTIFIER = "scott.io.itunes-search";
				PRODUCT_NAME = "$(TARGET_NAME)";
				SDKROOT = auto;
				SUPPORTED_PLATFORMS = "iphoneos iphonesimulator";
				SUPPORTS_MACCATALYST = NO;
				SUPPORTS_MAC_DESIGNED_FOR_IPHONE_IPAD = NO;
				SWIFT_EMIT_LOC_STRINGS = YES;
				SWIFT_OPTIMIZATION_LEVEL = "-Onone";
				SWIFT_VERSION = 5.0;
				TARGETED_DEVICE_FAMILY = "1,2";
			};
			name = Debug;
		};
		D221DDDA2A388DA8000220F8 /* Release */ = {
			isa = XCBuildConfiguration;
			buildSettings = {
				ALWAYS_EMBED_SWIFT_STANDARD_LIBRARIES = YES;
				ASSETCATALOG_COMPILER_APPICON_NAME = AppIcon;
				ASSETCATALOG_COMPILER_GLOBAL_ACCENT_COLOR_NAME = AccentColor;
				CLANG_ENABLE_MODULES = YES;
				CODE_SIGN_ENTITLEMENTS = "itunes-search/Resource/itunes_search.entitlements";
				CODE_SIGN_STYLE = Automatic;
				CURRENT_PROJECT_VERSION = 1;
				DEVELOPMENT_ASSET_PATHS = "\"itunes-search/Preview Content\"";
				DEVELOPMENT_TEAM = D22ZM93S77;
				ENABLE_PREVIEWS = YES;
				GENERATE_INFOPLIST_FILE = YES;
				INFOPLIST_FILE = "";
				"INFOPLIST_KEY_UIApplicationSceneManifest_Generation[sdk=iphoneos*]" = YES;
				"INFOPLIST_KEY_UIApplicationSceneManifest_Generation[sdk=iphonesimulator*]" = YES;
				"INFOPLIST_KEY_UIApplicationSupportsIndirectInputEvents[sdk=iphoneos*]" = YES;
				"INFOPLIST_KEY_UIApplicationSupportsIndirectInputEvents[sdk=iphonesimulator*]" = YES;
				"INFOPLIST_KEY_UILaunchScreen_Generation[sdk=iphoneos*]" = YES;
				"INFOPLIST_KEY_UILaunchScreen_Generation[sdk=iphonesimulator*]" = YES;
				"INFOPLIST_KEY_UIStatusBarStyle[sdk=iphoneos*]" = UIStatusBarStyleDefault;
				"INFOPLIST_KEY_UIStatusBarStyle[sdk=iphonesimulator*]" = UIStatusBarStyleDefault;
				INFOPLIST_KEY_UISupportedInterfaceOrientations_iPad = "UIInterfaceOrientationPortrait UIInterfaceOrientationPortraitUpsideDown UIInterfaceOrientationLandscapeLeft UIInterfaceOrientationLandscapeRight";
				INFOPLIST_KEY_UISupportedInterfaceOrientations_iPhone = "UIInterfaceOrientationPortrait UIInterfaceOrientationLandscapeLeft UIInterfaceOrientationLandscapeRight";
				IPHONEOS_DEPLOYMENT_TARGET = 16.4;
				LD_RUNPATH_SEARCH_PATHS = "@executable_path/Frameworks";
				"LD_RUNPATH_SEARCH_PATHS[sdk=macosx*]" = "@executable_path/../Frameworks";
				MACOSX_DEPLOYMENT_TARGET = 13.3;
				MARKETING_VERSION = 1.0;
				PRODUCT_BUNDLE_IDENTIFIER = "scott.io.itunes-search";
				PRODUCT_NAME = "$(TARGET_NAME)";
				SDKROOT = auto;
				SUPPORTED_PLATFORMS = "iphoneos iphonesimulator";
				SUPPORTS_MACCATALYST = NO;
				SUPPORTS_MAC_DESIGNED_FOR_IPHONE_IPAD = NO;
				SWIFT_EMIT_LOC_STRINGS = YES;
				SWIFT_VERSION = 5.0;
				TARGETED_DEVICE_FAMILY = "1,2";
			};
			name = Release;
		};
		D221DDFD2A389157000220F8 /* Debug */ = {
			isa = XCBuildConfiguration;
			buildSettings = {
				CODE_SIGN_STYLE = Automatic;
				CURRENT_PROJECT_VERSION = 1;
				DEFINES_MODULE = YES;
				DYLIB_COMPATIBILITY_VERSION = 1;
				DYLIB_CURRENT_VERSION = 1;
				DYLIB_INSTALL_NAME_BASE = "@rpath";
				ENABLE_MODULE_VERIFIER = YES;
				GENERATE_INFOPLIST_FILE = YES;
				INFOPLIST_KEY_NSHumanReadableCopyright = "";
				INSTALL_PATH = "$(LOCAL_LIBRARY_DIR)/Frameworks";
				IPHONEOS_DEPLOYMENT_TARGET = 16.4;
				LD_RUNPATH_SEARCH_PATHS = (
					"$(inherited)",
					"@executable_path/Frameworks",
					"@loader_path/Frameworks",
				);
				MARKETING_VERSION = 1.0;
				MODULE_VERIFIER_SUPPORTED_LANGUAGES = "objective-c objective-c++";
				MODULE_VERIFIER_SUPPORTED_LANGUAGE_STANDARDS = "gnu11 gnu++20";
				PRODUCT_BUNDLE_IDENTIFIER = scott.io.Domain;
				PRODUCT_NAME = "$(TARGET_NAME:c99extidentifier)";
				SDKROOT = iphoneos;
				SKIP_INSTALL = YES;
				SWIFT_EMIT_LOC_STRINGS = YES;
				SWIFT_VERSION = 5.0;
				TARGETED_DEVICE_FAMILY = "1,2";
				VERSIONING_SYSTEM = "apple-generic";
				VERSION_INFO_PREFIX = "";
			};
			name = Debug;
		};
		D221DDFE2A389157000220F8 /* Release */ = {
			isa = XCBuildConfiguration;
			buildSettings = {
				CODE_SIGN_STYLE = Automatic;
				CURRENT_PROJECT_VERSION = 1;
				DEFINES_MODULE = YES;
				DYLIB_COMPATIBILITY_VERSION = 1;
				DYLIB_CURRENT_VERSION = 1;
				DYLIB_INSTALL_NAME_BASE = "@rpath";
				ENABLE_MODULE_VERIFIER = YES;
				GENERATE_INFOPLIST_FILE = YES;
				INFOPLIST_KEY_NSHumanReadableCopyright = "";
				INSTALL_PATH = "$(LOCAL_LIBRARY_DIR)/Frameworks";
				IPHONEOS_DEPLOYMENT_TARGET = 16.4;
				LD_RUNPATH_SEARCH_PATHS = (
					"$(inherited)",
					"@executable_path/Frameworks",
					"@loader_path/Frameworks",
				);
				MARKETING_VERSION = 1.0;
				MODULE_VERIFIER_SUPPORTED_LANGUAGES = "objective-c objective-c++";
				MODULE_VERIFIER_SUPPORTED_LANGUAGE_STANDARDS = "gnu11 gnu++20";
				PRODUCT_BUNDLE_IDENTIFIER = scott.io.Domain;
				PRODUCT_NAME = "$(TARGET_NAME:c99extidentifier)";
				SDKROOT = iphoneos;
				SKIP_INSTALL = YES;
				SWIFT_EMIT_LOC_STRINGS = YES;
				SWIFT_VERSION = 5.0;
				TARGETED_DEVICE_FAMILY = "1,2";
				VALIDATE_PRODUCT = YES;
				VERSIONING_SYSTEM = "apple-generic";
				VERSION_INFO_PREFIX = "";
			};
			name = Release;
		};
		D221DE012A389157000220F8 /* Debug */ = {
			isa = XCBuildConfiguration;
			buildSettings = {
				ALWAYS_EMBED_SWIFT_STANDARD_LIBRARIES = YES;
				CODE_SIGN_STYLE = Automatic;
				CURRENT_PROJECT_VERSION = 1;
				GENERATE_INFOPLIST_FILE = YES;
				IPHONEOS_DEPLOYMENT_TARGET = 16.4;
				MARKETING_VERSION = 1.0;
				PRODUCT_BUNDLE_IDENTIFIER = scott.io.DomainTests;
				PRODUCT_NAME = "$(TARGET_NAME)";
				SDKROOT = iphoneos;
				SWIFT_EMIT_LOC_STRINGS = NO;
				SWIFT_VERSION = 5.0;
				TARGETED_DEVICE_FAMILY = "1,2";
				TEST_HOST = "$(BUILT_PRODUCTS_DIR)/itunes-search.app/$(BUNDLE_EXECUTABLE_FOLDER_PATH)/itunes-search";
			};
			name = Debug;
		};
		D221DE022A389157000220F8 /* Release */ = {
			isa = XCBuildConfiguration;
			buildSettings = {
				ALWAYS_EMBED_SWIFT_STANDARD_LIBRARIES = YES;
				CODE_SIGN_STYLE = Automatic;
				CURRENT_PROJECT_VERSION = 1;
				GENERATE_INFOPLIST_FILE = YES;
				IPHONEOS_DEPLOYMENT_TARGET = 16.4;
				MARKETING_VERSION = 1.0;
				PRODUCT_BUNDLE_IDENTIFIER = scott.io.DomainTests;
				PRODUCT_NAME = "$(TARGET_NAME)";
				SDKROOT = iphoneos;
				SWIFT_EMIT_LOC_STRINGS = NO;
				SWIFT_VERSION = 5.0;
				TARGETED_DEVICE_FAMILY = "1,2";
				TEST_HOST = "$(BUILT_PRODUCTS_DIR)/itunes-search.app/$(BUNDLE_EXECUTABLE_FOLDER_PATH)/itunes-search";
				VALIDATE_PRODUCT = YES;
			};
			name = Release;
		};
		D221DE202A389169000220F8 /* Debug */ = {
			isa = XCBuildConfiguration;
			buildSettings = {
				CODE_SIGN_STYLE = Automatic;
				CURRENT_PROJECT_VERSION = 1;
				DEFINES_MODULE = YES;
				DYLIB_COMPATIBILITY_VERSION = 1;
				DYLIB_CURRENT_VERSION = 1;
				DYLIB_INSTALL_NAME_BASE = "@rpath";
				ENABLE_MODULE_VERIFIER = YES;
				GENERATE_INFOPLIST_FILE = YES;
				INFOPLIST_KEY_NSHumanReadableCopyright = "";
				INSTALL_PATH = "$(LOCAL_LIBRARY_DIR)/Frameworks";
				IPHONEOS_DEPLOYMENT_TARGET = 16.4;
				LD_RUNPATH_SEARCH_PATHS = (
					"$(inherited)",
					"@executable_path/Frameworks",
					"@loader_path/Frameworks",
				);
				MARKETING_VERSION = 1.0;
				MODULE_VERIFIER_SUPPORTED_LANGUAGES = "objective-c objective-c++";
				MODULE_VERIFIER_SUPPORTED_LANGUAGE_STANDARDS = "gnu11 gnu++20";
				PRODUCT_BUNDLE_IDENTIFIER = scott.io.Platform;
				PRODUCT_NAME = "$(TARGET_NAME:c99extidentifier)";
				SDKROOT = iphoneos;
				SKIP_INSTALL = YES;
				SWIFT_EMIT_LOC_STRINGS = YES;
				SWIFT_VERSION = 5.0;
				TARGETED_DEVICE_FAMILY = "1,2";
				VERSIONING_SYSTEM = "apple-generic";
				VERSION_INFO_PREFIX = "";
			};
			name = Debug;
		};
		D221DE212A389169000220F8 /* Release */ = {
			isa = XCBuildConfiguration;
			buildSettings = {
				CODE_SIGN_STYLE = Automatic;
				CURRENT_PROJECT_VERSION = 1;
				DEFINES_MODULE = YES;
				DYLIB_COMPATIBILITY_VERSION = 1;
				DYLIB_CURRENT_VERSION = 1;
				DYLIB_INSTALL_NAME_BASE = "@rpath";
				ENABLE_MODULE_VERIFIER = YES;
				GENERATE_INFOPLIST_FILE = YES;
				INFOPLIST_KEY_NSHumanReadableCopyright = "";
				INSTALL_PATH = "$(LOCAL_LIBRARY_DIR)/Frameworks";
				IPHONEOS_DEPLOYMENT_TARGET = 16.4;
				LD_RUNPATH_SEARCH_PATHS = (
					"$(inherited)",
					"@executable_path/Frameworks",
					"@loader_path/Frameworks",
				);
				MARKETING_VERSION = 1.0;
				MODULE_VERIFIER_SUPPORTED_LANGUAGES = "objective-c objective-c++";
				MODULE_VERIFIER_SUPPORTED_LANGUAGE_STANDARDS = "gnu11 gnu++20";
				PRODUCT_BUNDLE_IDENTIFIER = scott.io.Platform;
				PRODUCT_NAME = "$(TARGET_NAME:c99extidentifier)";
				SDKROOT = iphoneos;
				SKIP_INSTALL = YES;
				SWIFT_EMIT_LOC_STRINGS = YES;
				SWIFT_VERSION = 5.0;
				TARGETED_DEVICE_FAMILY = "1,2";
				VALIDATE_PRODUCT = YES;
				VERSIONING_SYSTEM = "apple-generic";
				VERSION_INFO_PREFIX = "";
			};
			name = Release;
		};
		D221DE232A389169000220F8 /* Debug */ = {
			isa = XCBuildConfiguration;
			buildSettings = {
				ALWAYS_EMBED_SWIFT_STANDARD_LIBRARIES = YES;
				CODE_SIGN_STYLE = Automatic;
				CURRENT_PROJECT_VERSION = 1;
				GENERATE_INFOPLIST_FILE = YES;
				IPHONEOS_DEPLOYMENT_TARGET = 16.4;
				MARKETING_VERSION = 1.0;
				PRODUCT_BUNDLE_IDENTIFIER = scott.io.PlatformTests;
				PRODUCT_NAME = "$(TARGET_NAME)";
				SDKROOT = iphoneos;
				SWIFT_EMIT_LOC_STRINGS = NO;
				SWIFT_VERSION = 5.0;
				TARGETED_DEVICE_FAMILY = "1,2";
				TEST_HOST = "$(BUILT_PRODUCTS_DIR)/itunes-search.app/$(BUNDLE_EXECUTABLE_FOLDER_PATH)/itunes-search";
			};
			name = Debug;
		};
		D221DE242A389169000220F8 /* Release */ = {
			isa = XCBuildConfiguration;
			buildSettings = {
				ALWAYS_EMBED_SWIFT_STANDARD_LIBRARIES = YES;
				CODE_SIGN_STYLE = Automatic;
				CURRENT_PROJECT_VERSION = 1;
				GENERATE_INFOPLIST_FILE = YES;
				IPHONEOS_DEPLOYMENT_TARGET = 16.4;
				MARKETING_VERSION = 1.0;
				PRODUCT_BUNDLE_IDENTIFIER = scott.io.PlatformTests;
				PRODUCT_NAME = "$(TARGET_NAME)";
				SDKROOT = iphoneos;
				SWIFT_EMIT_LOC_STRINGS = NO;
				SWIFT_VERSION = 5.0;
				TARGETED_DEVICE_FAMILY = "1,2";
				TEST_HOST = "$(BUILT_PRODUCTS_DIR)/itunes-search.app/$(BUNDLE_EXECUTABLE_FOLDER_PATH)/itunes-search";
				VALIDATE_PRODUCT = YES;
			};
			name = Release;
		};
		EC7B3A612A3EC95E00D7ACC2 /* Debug */ = {
			isa = XCBuildConfiguration;
			buildSettings = {
				CLANG_ENABLE_MODULES = YES;
				CODE_SIGN_STYLE = Automatic;
				CURRENT_PROJECT_VERSION = 1;
				DEFINES_MODULE = YES;
				DEVELOPMENT_TEAM = D22ZM93S77;
				DYLIB_COMPATIBILITY_VERSION = 1;
				DYLIB_CURRENT_VERSION = 1;
				DYLIB_INSTALL_NAME_BASE = "@rpath";
				ENABLE_MODULE_VERIFIER = YES;
				GENERATE_INFOPLIST_FILE = YES;
				INFOPLIST_KEY_NSHumanReadableCopyright = "";
				INSTALL_PATH = "$(LOCAL_LIBRARY_DIR)/Frameworks";
				IPHONEOS_DEPLOYMENT_TARGET = 16.4;
				LD_RUNPATH_SEARCH_PATHS = (
					"$(inherited)",
					"@executable_path/Frameworks",
					"@loader_path/Frameworks",
				);
				MARKETING_VERSION = 1.0;
				MODULE_VERIFIER_SUPPORTED_LANGUAGES = "objective-c objective-c++";
				MODULE_VERIFIER_SUPPORTED_LANGUAGE_STANDARDS = "gnu11 gnu++20";
				PRODUCT_BUNDLE_IDENTIFIER = com.seungchan.DesignSystem;
				PRODUCT_NAME = "$(TARGET_NAME:c99extidentifier)";
				SDKROOT = iphoneos;
				SKIP_INSTALL = YES;
				SWIFT_EMIT_LOC_STRINGS = YES;
				SWIFT_OPTIMIZATION_LEVEL = "-Onone";
				SWIFT_VERSION = 5.0;
				TARGETED_DEVICE_FAMILY = "1,2";
				VERSIONING_SYSTEM = "apple-generic";
				VERSION_INFO_PREFIX = "";
			};
			name = Debug;
		};
		EC7B3A622A3EC95E00D7ACC2 /* Release */ = {
			isa = XCBuildConfiguration;
			buildSettings = {
				CLANG_ENABLE_MODULES = YES;
				CODE_SIGN_STYLE = Automatic;
				CURRENT_PROJECT_VERSION = 1;
				DEFINES_MODULE = YES;
				DEVELOPMENT_TEAM = D22ZM93S77;
				DYLIB_COMPATIBILITY_VERSION = 1;
				DYLIB_CURRENT_VERSION = 1;
				DYLIB_INSTALL_NAME_BASE = "@rpath";
				ENABLE_MODULE_VERIFIER = YES;
				GENERATE_INFOPLIST_FILE = YES;
				INFOPLIST_KEY_NSHumanReadableCopyright = "";
				INSTALL_PATH = "$(LOCAL_LIBRARY_DIR)/Frameworks";
				IPHONEOS_DEPLOYMENT_TARGET = 16.4;
				LD_RUNPATH_SEARCH_PATHS = (
					"$(inherited)",
					"@executable_path/Frameworks",
					"@loader_path/Frameworks",
				);
				MARKETING_VERSION = 1.0;
				MODULE_VERIFIER_SUPPORTED_LANGUAGES = "objective-c objective-c++";
				MODULE_VERIFIER_SUPPORTED_LANGUAGE_STANDARDS = "gnu11 gnu++20";
				PRODUCT_BUNDLE_IDENTIFIER = com.seungchan.DesignSystem;
				PRODUCT_NAME = "$(TARGET_NAME:c99extidentifier)";
				SDKROOT = iphoneos;
				SKIP_INSTALL = YES;
				SWIFT_EMIT_LOC_STRINGS = YES;
				SWIFT_VERSION = 5.0;
				TARGETED_DEVICE_FAMILY = "1,2";
				VALIDATE_PRODUCT = YES;
				VERSIONING_SYSTEM = "apple-generic";
				VERSION_INFO_PREFIX = "";
			};
			name = Release;
		};
/* End XCBuildConfiguration section */

/* Begin XCConfigurationList section */
		D221DDC42A388DA7000220F8 /* Build configuration list for PBXProject "itunes-search" */ = {
			isa = XCConfigurationList;
			buildConfigurations = (
				D221DDD62A388DA8000220F8 /* Debug */,
				D221DDD72A388DA8000220F8 /* Release */,
			);
			defaultConfigurationIsVisible = 0;
			defaultConfigurationName = Release;
		};
		D221DDD82A388DA8000220F8 /* Build configuration list for PBXNativeTarget "itunes-search" */ = {
			isa = XCConfigurationList;
			buildConfigurations = (
				D221DDD92A388DA8000220F8 /* Debug */,
				D221DDDA2A388DA8000220F8 /* Release */,
			);
			defaultConfigurationIsVisible = 0;
			defaultConfigurationName = Release;
		};
		D221DDFC2A389157000220F8 /* Build configuration list for PBXNativeTarget "Domain" */ = {
			isa = XCConfigurationList;
			buildConfigurations = (
				D221DDFD2A389157000220F8 /* Debug */,
				D221DDFE2A389157000220F8 /* Release */,
			);
			defaultConfigurationIsVisible = 0;
			defaultConfigurationName = Release;
		};
		D221DE002A389157000220F8 /* Build configuration list for PBXNativeTarget "DomainTests" */ = {
			isa = XCConfigurationList;
			buildConfigurations = (
				D221DE012A389157000220F8 /* Debug */,
				D221DE022A389157000220F8 /* Release */,
			);
			defaultConfigurationIsVisible = 0;
			defaultConfigurationName = Release;
		};
		D221DE1F2A389169000220F8 /* Build configuration list for PBXNativeTarget "Platform" */ = {
			isa = XCConfigurationList;
			buildConfigurations = (
				D221DE202A389169000220F8 /* Debug */,
				D221DE212A389169000220F8 /* Release */,
			);
			defaultConfigurationIsVisible = 0;
			defaultConfigurationName = Release;
		};
		D221DE222A389169000220F8 /* Build configuration list for PBXNativeTarget "PlatformTests" */ = {
			isa = XCConfigurationList;
			buildConfigurations = (
				D221DE232A389169000220F8 /* Debug */,
				D221DE242A389169000220F8 /* Release */,
			);
			defaultConfigurationIsVisible = 0;
			defaultConfigurationName = Release;
		};
		EC7B3A652A3EC95E00D7ACC2 /* Build configuration list for PBXNativeTarget "DesignSystem" */ = {
			isa = XCConfigurationList;
			buildConfigurations = (
				EC7B3A612A3EC95E00D7ACC2 /* Debug */,
				EC7B3A622A3EC95E00D7ACC2 /* Release */,
			);
			defaultConfigurationIsVisible = 0;
			defaultConfigurationName = Release;
		};
/* End XCConfigurationList section */

/* Begin XCRemoteSwiftPackageReference section */
		ECE1C41C2A41963A00FD4993 /* XCRemoteSwiftPackageReference "LinkNavigator" */ = {
			isa = XCRemoteSwiftPackageReference;
			repositoryURL = "https://github.com/interactord/LinkNavigator";
			requirement = {
				kind = upToNextMajorVersion;
				minimumVersion = 0.7.1;
			};
		};
/* End XCRemoteSwiftPackageReference section */

/* Begin XCSwiftPackageProductDependency section */
		ECE1C41D2A41963A00FD4993 /* LinkNavigator */ = {
			isa = XCSwiftPackageProductDependency;
			package = ECE1C41C2A41963A00FD4993 /* XCRemoteSwiftPackageReference "LinkNavigator" */;
			productName = LinkNavigator;
		};
/* End XCSwiftPackageProductDependency section */
	};
	rootObject = D221DDC12A388DA7000220F8 /* Project object */;
}
